
Microsoft Visual Studio Solution File, Format Version 12.00
# Visual Studio 2013
VisualStudioVersion = 12.0.31101.0
MinimumVisualStudioVersion = 10.0.40219.1
Project("{FAE04EC0-301F-11D3-BF4B-00C04F79EFBC}") = "RoshanAssessmentOOAD", "RoshanAssessmentOOAD\RoshanAssessmentOOAD.csproj", "{0712F389-E75F-4780-8236-B180199A6ED6}"
EndProject
Project("{FAE04EC0-301F-11D3-BF4B-00C04F79EFBC}") = "RoshanAssessmentOOAD.Domain", "RoshanAssessmentOOAD.Domain\RoshanAssessmentOOAD.Domain.csproj", "{CEF5B232-0C51-4A29-870A-757D78789E75}"
EndProject
Global
	GlobalSection(SolutionConfigurationPlatforms) = preSolution
		Debug|Any CPU = Debug|Any CPU
		Release|Any CPU = Release|Any CPU
	EndGlobalSection
	GlobalSection(ProjectConfigurationPlatforms) = postSolution
		{0712F389-E75F-4780-8236-B180199A6ED6}.Debug|Any CPU.ActiveCfg = Debug|Any CPU
		{0712F389-E75F-4780-8236-B180199A6ED6}.Debug|Any CPU.Build.0 = Debug|Any CPU
		{0712F389-E75F-4780-8236-B180199A6ED6}.Release|Any CPU.ActiveCfg = Release|Any CPU
		{0712F389-E75F-4780-8236-B180199A6ED6}.Release|Any CPU.Build.0 = Release|Any CPU
		{CEF5B232-0C51-4A29-870A-757D78789E75}.Debug|Any CPU.ActiveCfg = Debug|Any CPU
		{CEF5B232-0C51-4A29-870A-757D78789E75}.Debug|Any CPU.Build.0 = Debug|Any CPU
		{CEF5B232-0C51-4A29-870A-757D78789E75}.Release|Any CPU.ActiveCfg = Release|Any CPU
		{CEF5B232-0C51-4A29-870A-757D78789E75}.Release|Any CPU.Build.0 = Release|Any CPU
	EndGlobalSection
	GlobalSection(SolutionProperties) = preSolution
		HideSolutionNode = FALSE
	EndGlobalSection
EndGlobal
